<?xml version="1.0" encoding="utf-8"?>
<Project ToolsVersion="4.0" xmlns="http://schemas.microsoft.com/developer/msbuild/2003">
  <ItemGroup>
    <Filter Include="Source Files">
      <UniqueIdentifier>{4FC737F1-C7A5-4376-A066-2A32D752A2FF}</UniqueIdentifier>
      <Extensions>cpp;c;cc;cxx;def;odl;idl;hpj;bat;asm;asmx</Extensions>
    </Filter>
    <Filter Include="Header Files">
      <UniqueIdentifier>{93995380-89BD-4b04-88EB-625FBE52EBFB}</UniqueIdentifier>
      <Extensions>h;hpp;hxx;hm;inl;inc;xsd</Extensions>
    </Filter>
  </ItemGroup>
  <ItemGroup>
    <ClCompile Include="AddressTextCtrl.cpp">
      <Filter>Source Files</Filter>
    </ClCompile>
    <ClCompile Include="ArduinoController.cpp">
      <Filter>Source Files</Filter>
    </ClCompile>
    <ClCompile Include="Bleeper.cpp">
      <Filter>Source Files</Filter>
    </ClCompile>
    <ClCompile Include="CallsignTextCtrl.cpp">
      <Filter>Source Files</Filter>
    </ClCompile>
    <ClCompile Include="CCITTChecksumReverse.cpp">
      <Filter>Source Files</Filter>
    </ClCompile>
    <ClCompile Include="DongleThread.cpp">
      <Filter>Source Files</Filter>
    </ClCompile>
    <ClCompile Include="DummyController.cpp">
      <Filter>Source Files</Filter>
    </ClCompile>
    <ClCompile Include="DV3000Controller.cpp">
      <Filter>Source Files</Filter>
    </ClCompile>
    <ClCompile Include="DV3000NetworkController.cpp">
      <Filter>Source Files</Filter>
    </ClCompile>
    <ClCompile Include="DV3000SerialController.cpp">
      <Filter>Source Files</Filter>
    </ClCompile>
    <ClCompile Include="DV3000Thread.cpp">
      <Filter>Source Files</Filter>
    </ClCompile>
    <ClCompile Include="DVDongleController.cpp">
      <Filter>Source Files</Filter>
    </ClCompile>
    <ClCompile Include="DVDongleThread.cpp">
      <Filter>Source Files</Filter>
    </ClCompile>
    <ClCompile Include="DVMEGAAMBEController.cpp">
      <Filter>Source Files</Filter>
    </ClCompile>
    <ClCompile Include="DVMEGAAMBEThread.cpp">
      <Filter>Source Files</Filter>
    </ClCompile>
    <ClCompile Include="ExternalController.cpp">
      <Filter>Source Files</Filter>
    </ClCompile>
    <ClCompile Include="FIRFilter.cpp">
      <Filter>Source Files</Filter>
    </ClCompile>
    <ClCompile Include="GPIOController.cpp">
      <Filter>Source Files</Filter>
    </ClCompile>
    <ClCompile Include="HardwareController.cpp">
      <Filter>Source Files</Filter>
    </ClCompile>
    <ClCompile Include="HeaderData.cpp">
      <Filter>Source Files</Filter>
    </ClCompile>
    <ClCompile Include="K8055Controller.cpp">
      <Filter>Source Files</Filter>
    </ClCompile>
    <ClCompile Include="Logger.cpp">
      <Filter>Source Files</Filter>
    </ClCompile>
    <ClCompile Include="MessageData.cpp">
      <Filter>Source Files</Filter>
    </ClCompile>
    <ClCompile Include="MessageTextCtrl.cpp">
      <Filter>Source Files</Filter>
    </ClCompile>
    <ClCompile Include="PortTextCtrl.cpp">
      <Filter>Source Files</Filter>
    </ClCompile>
    <ClCompile Include="RepeaterProtocolHandler.cpp">
      <Filter>Source Files</Filter>
    </ClCompile>
    <ClCompile Include="RestrictedTextCtrl.cpp">
      <Filter>Source Files</Filter>
    </ClCompile>
    <ClCompile Include="SerialDataController.cpp">
      <Filter>Source Files</Filter>
    </ClCompile>
    <ClCompile Include="SerialLineController.cpp">
      <Filter>Source Files</Filter>
    </ClCompile>
    <ClCompile Include="SerialPortSelector.cpp">
      <Filter>Source Files</Filter>
    </ClCompile>
    <ClCompile Include="SlowDataDecoder.cpp">
      <Filter>Source Files</Filter>
    </ClCompile>
    <ClCompile Include="SlowDataEncoder.cpp">
      <Filter>Source Files</Filter>
    </ClCompile>
    <ClCompile Include="SoundCardReaderWriter.cpp">
      <Filter>Source Files</Filter>
    </ClCompile>
    <ClCompile Include="STARDVController.cpp">
      <Filter>Source Files</Filter>
    </ClCompile>
    <ClCompile Include="STARDVNetworkController.cpp">
      <Filter>Source Files</Filter>
    </ClCompile>
    <ClCompile Include="STARDVThread.cpp">
      <Filter>Source Files</Filter>
    </ClCompile>
    <ClCompile Include="Timer.cpp">
      <Filter>Source Files</Filter>
    </ClCompile>
    <ClCompile Include="UDPReaderWriter.cpp">
      <Filter>Source Files</Filter>
    </ClCompile>
    <ClCompile Include="URIUSBController.cpp">
      <Filter>Source Files</Filter>
    </ClCompile>
    <ClCompile Include="Utils.cpp">
      <Filter>Source Files</Filter>
    </ClCompile>
  </ItemGroup>
  <ItemGroup>
    <ClInclude Include="AddressTextCtrl.h">
      <Filter>Header Files</Filter>
    </ClInclude>
    <ClInclude Include="ArduinoController.h">
      <Filter>Header Files</Filter>
    </ClInclude>
    <ClInclude Include="AudioCallback.h">
      <Filter>Header Files</Filter>
    </ClInclude>
    <ClInclude Include="Bleeper.h">
      <Filter>Header Files</Filter>
    </ClInclude>
    <ClInclude Include="CallsignTextCtrl.h">
      <Filter>Header Files</Filter>
    </ClInclude>
    <ClInclude Include="CCITTChecksumReverse.h">
      <Filter>Header Files</Filter>
    </ClInclude>
    <ClInclude Include="DecodeCallback.h">
      <Filter>Header Files</Filter>
    </ClInclude>
    <ClInclude Include="DongleThread.h">
      <Filter>Header Files</Filter>
    </ClInclude>
    <ClInclude Include="DStarDefines.h">
      <Filter>Header Files</Filter>
    </ClInclude>
    <ClInclude Include="DummyController.h">
      <Filter>Header Files</Filter>
    </ClInclude>
    <ClInclude Include="DV3000Controller.h">
      <Filter>Header Files</Filter>
    </ClInclude>
    <ClInclude Include="DV3000NetworkController.h">
      <Filter>Header Files</Filter>
    </ClInclude>
    <ClInclude Include="DV3000SerialController.h">
      <Filter>Header Files</Filter>
    </ClInclude>
    <ClInclude Include="DV3000Thread.h">
      <Filter>Header Files</Filter>
    </ClInclude>
    <ClInclude Include="DVDongleController.h">
      <Filter>Header Files</Filter>
    </ClInclude>
    <ClInclude Include="DVDongleThread.h">
      <Filter>Header Files</Filter>
    </ClInclude>
    <ClInclude Include="DVMEGAAMBEController.h">
      <Filter>Header Files</Filter>
    </ClInclude>
    <ClInclude Include="DVMEGAAMBEThread.h">
      <Filter>Header Files</Filter>
    </ClInclude>
    <ClInclude Include="EncodeCallback.h">
      <Filter>Header Files</Filter>
    </ClInclude>
    <ClInclude Include="ExternalController.h">
      <Filter>Header Files</Filter>
    </ClInclude>
    <ClInclude Include="FIRFilter.h">
      <Filter>Header Files</Filter>
    </ClInclude>
    <ClInclude Include="GPIOController.h">
      <Filter>Header Files</Filter>
    </ClInclude>
    <ClInclude Include="HardwareController.h">
      <Filter>Header Files</Filter>
    </ClInclude>
    <ClInclude Include="HeaderData.h">
      <Filter>Header Files</Filter>
    </ClInclude>
    <ClInclude Include="K8055Controller.h">
      <Filter>Header Files</Filter>
    </ClInclude>
    <ClInclude Include="Logger.h">
      <Filter>Header Files</Filter>
    </ClInclude>
    <ClInclude Include="MessageData.h">
      <Filter>Header Files</Filter>
    </ClInclude>
    <ClInclude Include="MessageTextCtrl.h">
      <Filter>Header Files</Filter>
    </ClInclude>
    <ClInclude Include="PortTextCtrl.h">
      <Filter>Header Files</Filter>
    </ClInclude>
    <ClInclude Include="RepeaterProtocolHandler.h">
      <Filter>Header Files</Filter>
    </ClInclude>
    <ClInclude Include="RestrictedTextCtrl.h">
      <Filter>Header Files</Filter>
    </ClInclude>
    <ClInclude Include="RingBuffer.h">
      <Filter>Header Files</Filter>
    </ClInclude>
    <ClInclude Include="SerialDataController.h">
      <Filter>Header Files</Filter>
    </ClInclude>
    <ClInclude Include="SerialLineController.h">
      <Filter>Header Files</Filter>
    </ClInclude>
    <ClInclude Include="SerialPortSelector.h">
      <Filter>Header Files</Filter>
    </ClInclude>
    <ClInclude Include="SlowDataDecoder.h">
      <Filter>Header Files</Filter>
    </ClInclude>
    <ClInclude Include="SlowDataEncoder.h">
      <Filter>Header Files</Filter>
    </ClInclude>
    <ClInclude Include="SoundCardReaderWriter.h">
      <Filter>Header Files</Filter>
    </ClInclude>
    <ClInclude Include="STARDVController.h">
      <Filter>Header Files</Filter>
    </ClInclude>
    <ClInclude Include="STARDVNetworkController.h">
      <Filter>Header Files</Filter>
    </ClInclude>
    <ClInclude Include="STARDVThread.h">
      <Filter>Header Files</Filter>
    </ClInclude>
    <ClInclude Include="Timer.h">
      <Filter>Header Files</Filter>
    </ClInclude>
    <ClInclude Include="UDPReaderWriter.h">
      <Filter>Header Files</Filter>
    </ClInclude>
    <ClInclude Include="URIUSBController.h">
      <Filter>Header Files</Filter>
    </ClInclude>
    <ClInclude Include="Utils.h">
      <Filter>Header Files</Filter>
    </ClInclude>
    <ClInclude Include="Version.h">
      <Filter>Header Files</Filter>
    </ClInclude>
  </ItemGroup>
</Project>