<?xml version="1.0" encoding="utf-8"?>
<Project ToolsVersion="4.0" xmlns="http://schemas.microsoft.com/developer/msbuild/2003">
  <ItemGroup>
    <Filter Include="Source Files">
      <UniqueIdentifier>{4FC737F1-C7A5-4376-A066-2A32D752A2FF}</UniqueIdentifier>
      <Extensions>cpp;c;cc;cxx;def;odl;idl;hpj;bat;asm;asmx</Extensions>
    </Filter>
    <Filter Include="Header Files">
      <UniqueIdentifier>{93995380-89BD-4b04-88EB-625FBE52EBFB}</UniqueIdentifier>
      <Extensions>h;hpp;hxx;hm;inl;inc;xsd</Extensions>
    </Filter>
  </ItemGroup>
  <ItemGroup>
    <ClCompile Include="DStarRepeaterApp.cpp">
      <Filter>Source Files</Filter>
    </ClCompile>
    <ClCompile Include="DStarRepeaterFrame.cpp">
      <Filter>Source Files</Filter>
    </ClCompile>
    <ClCompile Include="DStarRepeaterLogger.cpp">
      <Filter>Source Files</Filter>
    </ClCompile>
    <ClCompile Include="DStarRepeaterRXThread.cpp">
      <Filter>Source Files</Filter>
    </ClCompile>
    <ClCompile Include="DStarRepeaterStatusData.cpp">
      <Filter>Source Files</Filter>
    </ClCompile>
    <ClCompile Include="DStarRepeaterThread.cpp">
      <Filter>Source Files</Filter>
    </ClCompile>
    <ClCompile Include="DStarRepeaterThreadHelper.cpp">
      <Filter>Source Files</Filter>
    </ClCompile>
    <ClCompile Include="DStarRepeaterTRXThread.cpp">
      <Filter>Source Files</Filter>
    </ClCompile>
    <ClCompile Include="DStarRepeaterTXRXThread.cpp">
      <Filter>Source Files</Filter>
    </ClCompile>
    <ClCompile Include="DStarRepeaterTXThread.cpp">
      <Filter>Source Files</Filter>
    </ClCompile>
  </ItemGroup>
  <ItemGroup>
    <ClInclude Include="DStarRepeaterApp.h">
      <Filter>Header Files</Filter>
    </ClInclude>
    <ClInclude Include="DStarRepeaterDefs.h">
      <Filter>Header Files</Filter>
    </ClInclude>
    <ClInclude Include="DStarRepeaterFrame.h">
      <Filter>Header Files</Filter>
    </ClInclude>
    <ClInclude Include="DStarRepeaterLogger.h">
      <Filter>Header Files</Filter>
    </ClInclude>
    <ClInclude Include="DStarRepeaterRXThread.h">
      <Filter>Header Files</Filter>
    </ClInclude>
    <ClInclude Include="DStarRepeaterStatusData.h">
      <Filter>Header Files</Filter>
    </ClInclude>
    <ClInclude Include="DStarRepeaterThread.h">
      <Filter>Header Files</Filter>
    </ClInclude>
    <ClInclude Include="DStarRepeaterThreadHelper.h">
      <Filter>Header Files</Filter>
    </ClInclude>
    <ClInclude Include="DStarRepeaterTRXThread.h">
      <Filter>Header Files</Filter>
    </ClInclude>
    <ClInclude Include="DStarRepeaterTXRXThread.h">
      <Filter>Header Files</Filter>
    </ClInclude>
    <ClInclude Include="DStarRepeaterTXThread.h">
      <Filter>Header Files</Filter>
    </ClInclude>
  </ItemGroup>
</Project>