<?xml version="1.0" encoding="utf-8"?>
<Project ToolsVersion="4.0" xmlns="http://schemas.microsoft.com/developer/msbuild/2003">
  <ItemGroup>
    <Filter Include="Source Files">
      <UniqueIdentifier>{4FC737F1-C7A5-4376-A066-2A32D752A2FF}</UniqueIdentifier>
      <Extensions>cpp;c;cc;cxx;def;odl;idl;hpj;bat;asm;asmx</Extensions>
    </Filter>
    <Filter Include="Header Files">
      <UniqueIdentifier>{93995380-89BD-4b04-88EB-625FBE52EBFB}</UniqueIdentifier>
      <Extensions>h;hpp;hxx;hm;inl;inc;xsd</Extensions>
    </Filter>
  </ItemGroup>
  <ItemGroup>
    <ClCompile Include="AMBEFEC.cpp">
      <Filter>Source Files</Filter>
    </ClCompile>
    <ClCompile Include="AnnouncementUnit.cpp">
      <Filter>Source Files</Filter>
    </ClCompile>
    <ClCompile Include="ArduinoController.cpp">
      <Filter>Source Files</Filter>
    </ClCompile>
    <ClCompile Include="BeaconUnit.cpp">
      <Filter>Source Files</Filter>
    </ClCompile>
    <ClCompile Include="CallsignList.cpp">
      <Filter>Source Files</Filter>
    </ClCompile>
    <ClCompile Include="CCITTChecksum.cpp">
      <Filter>Source Files</Filter>
    </ClCompile>
    <ClCompile Include="CCITTChecksumReverse.cpp">
      <Filter>Source Files</Filter>
    </ClCompile>
    <ClCompile Include="DStarGMSKDemodulator.cpp">
      <Filter>Source Files</Filter>
    </ClCompile>
    <ClCompile Include="DStarGMSKModulator.cpp">
      <Filter>Source Files</Filter>
    </ClCompile>
    <ClCompile Include="DStarRepeaterConfig.cpp">
      <Filter>Source Files</Filter>
    </ClCompile>
    <ClCompile Include="DummyController.cpp">
      <Filter>Source Files</Filter>
    </ClCompile>
    <ClCompile Include="DVAPController.cpp">
      <Filter>Source Files</Filter>
    </ClCompile>
    <ClCompile Include="DVMegaController.cpp">
      <Filter>Source Files</Filter>
    </ClCompile>
    <ClCompile Include="DVRPTRV1Controller.cpp">
      <Filter>Source Files</Filter>
    </ClCompile>
    <ClCompile Include="DVRPTRV2Controller.cpp">
      <Filter>Source Files</Filter>
    </ClCompile>
    <ClCompile Include="DVRPTRV3Controller.cpp">
      <Filter>Source Files</Filter>
    </ClCompile>
    <ClCompile Include="DVTOOLFileReader.cpp">
      <Filter>Source Files</Filter>
    </ClCompile>
    <ClCompile Include="DVTOOLFileWriter.cpp">
      <Filter>Source Files</Filter>
    </ClCompile>
    <ClCompile Include="ExternalController.cpp">
      <Filter>Source Files</Filter>
    </ClCompile>
    <ClCompile Include="FIRFilter.cpp">
      <Filter>Source Files</Filter>
    </ClCompile>
    <ClCompile Include="GatewayProtocolHandler.cpp">
      <Filter>Source Files</Filter>
    </ClCompile>
    <ClCompile Include="GMSKController.cpp">
      <Filter>Source Files</Filter>
    </ClCompile>
    <ClCompile Include="GMSKModem.cpp">
      <Filter>Source Files</Filter>
    </ClCompile>
    <ClCompile Include="GMSKModemLibUsb.cpp">
      <Filter>Source Files</Filter>
    </ClCompile>
    <ClCompile Include="GMSKModemWinUSB.cpp">
      <Filter>Source Files</Filter>
    </ClCompile>
    <ClCompile Include="Golay.cpp">
      <Filter>Source Files</Filter>
    </ClCompile>
    <ClCompile Include="HardwareController.cpp">
      <Filter>Source Files</Filter>
    </ClCompile>
    <ClCompile Include="HeaderData.cpp">
      <Filter>Source Files</Filter>
    </ClCompile>
    <ClCompile Include="K8055Controller.cpp">
      <Filter>Source Files</Filter>
    </ClCompile>
    <ClCompile Include="LogEvent.cpp">
      <Filter>Source Files</Filter>
    </ClCompile>
    <ClCompile Include="Logger.cpp">
      <Filter>Source Files</Filter>
    </ClCompile>
    <ClCompile Include="MMDVMController.cpp">
      <Filter>Source Files</Filter>
    </ClCompile>
    <ClCompile Include="Modem.cpp">
      <Filter>Source Files</Filter>
    </ClCompile>
    <ClCompile Include="OutputQueue.cpp">
      <Filter>Source Files</Filter>
    </ClCompile>
    <ClCompile Include="RepeaterProtocolHandler.cpp">
      <Filter>Source Files</Filter>
    </ClCompile>
    <ClCompile Include="SerialDataController.cpp">
      <Filter>Source Files</Filter>
    </ClCompile>
    <ClCompile Include="SerialLineController.cpp">
      <Filter>Source Files</Filter>
    </ClCompile>
    <ClCompile Include="SerialPortSelector.cpp">
      <Filter>Source Files</Filter>
    </ClCompile>
    <ClCompile Include="SlowDataDecoder.cpp">
      <Filter>Source Files</Filter>
    </ClCompile>
    <ClCompile Include="SlowDataEncoder.cpp">
      <Filter>Source Files</Filter>
    </ClCompile>
    <ClCompile Include="SoundCardController.cpp">
      <Filter>Source Files</Filter>
    </ClCompile>
    <ClCompile Include="SoundCardReaderWriter.cpp">
      <Filter>Source Files</Filter>
    </ClCompile>
    <ClCompile Include="SplitController.cpp">
      <Filter>Source Files</Filter>
    </ClCompile>
    <ClCompile Include="TCPReaderWriter.cpp">
      <Filter>Source Files</Filter>
    </ClCompile>
    <ClCompile Include="Timer.cpp">
      <Filter>Source Files</Filter>
    </ClCompile>
    <ClCompile Include="UDPReaderWriter.cpp">
      <Filter>Source Files</Filter>
    </ClCompile>
    <ClCompile Include="Utils.cpp">
      <Filter>Source Files</Filter>
    </ClCompile>
    <ClCompile Include="URIUSBController.cpp">
      <Filter>Source Files</Filter>
    </ClCompile>
  </ItemGroup>
  <ItemGroup>
    <ClInclude Include="AMBEFEC.h">
      <Filter>Header Files</Filter>
    </ClInclude>
    <ClInclude Include="AnnouncementCallback.h">
      <Filter>Header Files</Filter>
    </ClInclude>
    <ClInclude Include="AnnouncementUnit.h">
      <Filter>Header Files</Filter>
    </ClInclude>
    <ClInclude Include="ArduinoController.h">
      <Filter>Header Files</Filter>
    </ClInclude>
    <ClInclude Include="AudioCallback.h">
      <Filter>Header Files</Filter>
    </ClInclude>
    <ClInclude Include="BeaconCallback.h">
      <Filter>Header Files</Filter>
    </ClInclude>
    <ClInclude Include="BeaconUnit.h">
      <Filter>Header Files</Filter>
    </ClInclude>
    <ClInclude Include="CallsignList.h">
      <Filter>Header Files</Filter>
    </ClInclude>
    <ClInclude Include="CCITTChecksum.h">
      <Filter>Header Files</Filter>
    </ClInclude>
    <ClInclude Include="CCITTChecksumReverse.h">
      <Filter>Header Files</Filter>
    </ClInclude>
    <ClInclude Include="DStarDefines.h">
      <Filter>Header Files</Filter>
    </ClInclude>
    <ClInclude Include="DStarGMSKDemodulator.h">
      <Filter>Header Files</Filter>
    </ClInclude>
    <ClInclude Include="DStarGMSKModulator.h">
      <Filter>Header Files</Filter>
    </ClInclude>
    <ClInclude Include="DStarRepeaterConfig.h">
      <Filter>Header Files</Filter>
    </ClInclude>
    <ClInclude Include="DummyController.h">
      <Filter>Header Files</Filter>
    </ClInclude>
    <ClInclude Include="DVAPController.h">
      <Filter>Header Files</Filter>
    </ClInclude>
    <ClInclude Include="DVMegaController.h">
      <Filter>Header Files</Filter>
    </ClInclude>
    <ClInclude Include="DVRPTRV1Controller.h">
      <Filter>Header Files</Filter>
    </ClInclude>
    <ClInclude Include="DVRPTRV2Controller.h">
      <Filter>Header Files</Filter>
    </ClInclude>
    <ClInclude Include="DVRPTRV3Controller.h">
      <Filter>Header Files</Filter>
    </ClInclude>
    <ClInclude Include="DVTOOLFileReader.h">
      <Filter>Header Files</Filter>
    </ClInclude>
    <ClInclude Include="DVTOOLFileWriter.h">
      <Filter>Header Files</Filter>
    </ClInclude>
    <ClInclude Include="ExternalController.h">
      <Filter>Header Files</Filter>
    </ClInclude>
    <ClInclude Include="FIRFilter.h">
      <Filter>Header Files</Filter>
    </ClInclude>
    <ClInclude Include="GatewayProtocolHandler.h">
      <Filter>Header Files</Filter>
    </ClInclude>
    <ClInclude Include="GMSKController.h">
      <Filter>Header Files</Filter>
    </ClInclude>
    <ClInclude Include="GMSKModem.h">
      <Filter>Header Files</Filter>
    </ClInclude>
    <ClInclude Include="GMSKModemLibUsb.h">
      <Filter>Header Files</Filter>
    </ClInclude>
    <ClInclude Include="GMSKModemWinUSB.h">
      <Filter>Header Files</Filter>
    </ClInclude>
    <ClInclude Include="Golay.h">
      <Filter>Header Files</Filter>
    </ClInclude>
    <ClInclude Include="HardwareController.h">
      <Filter>Header Files</Filter>
    </ClInclude>
    <ClInclude Include="HeaderData.h">
      <Filter>Header Files</Filter>
    </ClInclude>
    <ClInclude Include="K8055Controller.h">
      <Filter>Header Files</Filter>
    </ClInclude>
    <ClInclude Include="LogEvent.h">
      <Filter>Header Files</Filter>
    </ClInclude>
    <ClInclude Include="Logger.h">
      <Filter>Header Files</Filter>
    </ClInclude>
    <ClInclude Include="lusb0_usb.h">
      <Filter>Header Files</Filter>
    </ClInclude>
    <ClInclude Include="MMDVMController.h">
      <Filter>Header Files</Filter>
    </ClInclude>
    <ClInclude Include="Modem.h">
      <Filter>Header Files</Filter>
    </ClInclude>
    <ClInclude Include="OutputQueue.h">
      <Filter>Header Files</Filter>
    </ClInclude>
    <ClInclude Include="RepeaterProtocolHandler.h">
      <Filter>Header Files</Filter>
    </ClInclude>
    <ClInclude Include="RingBuffer.h">
      <Filter>Header Files</Filter>
    </ClInclude>
    <ClInclude Include="SerialDataController.h">
      <Filter>Header Files</Filter>
    </ClInclude>
    <ClInclude Include="SerialLineController.h">
      <Filter>Header Files</Filter>
    </ClInclude>
    <ClInclude Include="SerialPortSelector.h">
      <Filter>Header Files</Filter>
    </ClInclude>
    <ClInclude Include="SlowDataDecoder.h">
      <Filter>Header Files</Filter>
    </ClInclude>
    <ClInclude Include="SlowDataEncoder.h">
      <Filter>Header Files</Filter>
    </ClInclude>
    <ClInclude Include="SoundCardController.h">
      <Filter>Header Files</Filter>
    </ClInclude>
    <ClInclude Include="SoundCardReaderWriter.h">
      <Filter>Header Files</Filter>
    </ClInclude>
    <ClInclude Include="SplitController.h">
      <Filter>Header Files</Filter>
    </ClInclude>
    <ClInclude Include="TCPReaderWriter.h">
      <Filter>Header Files</Filter>
    </ClInclude>
    <ClInclude Include="Timer.h">
      <Filter>Header Files</Filter>
    </ClInclude>
    <ClInclude Include="UDPReaderWriter.h">
      <Filter>Header Files</Filter>
    </ClInclude>
    <ClInclude Include="Utils.h">
      <Filter>Header Files</Filter>
    </ClInclude>
    <ClInclude Include="Version.h">
      <Filter>Header Files</Filter>
    </ClInclude>
    <ClInclude Include="URIUSBController.h">
      <Filter>Header Files</Filter>
    </ClInclude>
  </ItemGroup>
</Project>