<?xml version="1.0" encoding="utf-8"?>
<Project ToolsVersion="4.0" xmlns="http://schemas.microsoft.com/developer/msbuild/2003">
  <ItemGroup>
    <Filter Include="Source Files">
      <UniqueIdentifier>{4FC737F1-C7A5-4376-A066-2A32D752A2FF}</UniqueIdentifier>
      <Extensions>cpp;c;cc;cxx;def;odl;idl;hpj;bat;asm;asmx</Extensions>
    </Filter>
    <Filter Include="Header Files">
      <UniqueIdentifier>{93995380-89BD-4b04-88EB-625FBE52EBFB}</UniqueIdentifier>
      <Extensions>h;hpp;hxx;hm;inl;inc;xsd</Extensions>
    </Filter>
  </ItemGroup>
  <ItemGroup>
    <ClCompile Include="TimeServerAnnouncementsSet.cpp">
      <Filter>Source Files</Filter>
    </ClCompile>
    <ClCompile Include="TimeServerApp.cpp">
      <Filter>Source Files</Filter>
    </ClCompile>
    <ClCompile Include="TimeServerConfig.cpp">
      <Filter>Source Files</Filter>
    </ClCompile>
    <ClCompile Include="TimeServerFrame.cpp">
      <Filter>Source Files</Filter>
    </ClCompile>
    <ClCompile Include="TimeServerGatewaySet.cpp">
      <Filter>Source Files</Filter>
    </ClCompile>
    <ClCompile Include="TimeServerLogRedirect.cpp">
      <Filter>Source Files</Filter>
    </ClCompile>
    <ClCompile Include="TimeServerPreferences.cpp">
      <Filter>Source Files</Filter>
    </ClCompile>
    <ClCompile Include="TimeServerThread.cpp">
      <Filter>Source Files</Filter>
    </ClCompile>
    <ClCompile Include="TimeServerThreadHelper.cpp">
      <Filter>Source Files</Filter>
    </ClCompile>
  </ItemGroup>
  <ItemGroup>
    <ClInclude Include="TimeServerAnnouncementsSet.h">
      <Filter>Header Files</Filter>
    </ClInclude>
    <ClInclude Include="TimeServerApp.h">
      <Filter>Header Files</Filter>
    </ClInclude>
    <ClInclude Include="TimeServerConfig.h">
      <Filter>Header Files</Filter>
    </ClInclude>
    <ClInclude Include="TimeServerDefs.h">
      <Filter>Header Files</Filter>
    </ClInclude>
    <ClInclude Include="TimeServerFrame.h">
      <Filter>Header Files</Filter>
    </ClInclude>
    <ClInclude Include="TimeServerGatewaySet.h">
      <Filter>Header Files</Filter>
    </ClInclude>
    <ClInclude Include="TimeServerLogRedirect.h">
      <Filter>Header Files</Filter>
    </ClInclude>
    <ClInclude Include="TimeServerPreferences.h">
      <Filter>Header Files</Filter>
    </ClInclude>
    <ClInclude Include="TimeServerThread.h">
      <Filter>Header Files</Filter>
    </ClInclude>
    <ClInclude Include="TimeServerThreadHelper.h">
      <Filter>Header Files</Filter>
    </ClInclude>
  </ItemGroup>
</Project>