<?xml version="1.0" encoding="utf-8"?>
<Project ToolsVersion="4.0" xmlns="http://schemas.microsoft.com/developer/msbuild/2003">
  <ItemGroup>
    <Filter Include="Source Files">
      <UniqueIdentifier>{4FC737F1-C7A5-4376-A066-2A32D752A2FF}</UniqueIdentifier>
      <Extensions>cpp;c;cc;cxx;def;odl;idl;hpj;bat;asm;asmx</Extensions>
    </Filter>
    <Filter Include="Header Files">
      <UniqueIdentifier>{93995380-89BD-4b04-88EB-625FBE52EBFB}</UniqueIdentifier>
      <Extensions>h;hpp;hxx;hm;inl;inc;xsd</Extensions>
    </Filter>
  </ItemGroup>
  <ItemGroup>
    <ClCompile Include="DummyRepeaterApp.cpp">
      <Filter>Source Files</Filter>
    </ClCompile>
    <ClCompile Include="DummyRepeaterBleepSet.cpp">
      <Filter>Source Files</Filter>
    </ClCompile>
    <ClCompile Include="DummyRepeaterCallsignSet.cpp">
      <Filter>Source Files</Filter>
    </ClCompile>
    <ClCompile Include="DummyRepeaterControllerSet.cpp">
      <Filter>Source Files</Filter>
    </ClCompile>
    <ClCompile Include="DummyRepeaterDongleSet.cpp">
      <Filter>Source Files</Filter>
    </ClCompile>
    <ClCompile Include="DummyRepeaterErrorEvent.cpp">
      <Filter>Source Files</Filter>
    </ClCompile>
    <ClCompile Include="DummyRepeaterFrame.cpp">
      <Filter>Source Files</Filter>
    </ClCompile>
    <ClCompile Include="DummyRepeaterHeaderEvent.cpp">
      <Filter>Source Files</Filter>
    </ClCompile>
    <ClCompile Include="DummyRepeaterMessageEvent.cpp">
      <Filter>Source Files</Filter>
    </ClCompile>
    <ClCompile Include="DummyRepeaterMessageSet.cpp">
      <Filter>Source Files</Filter>
    </ClCompile>
    <ClCompile Include="DummyRepeaterNetworkSet.cpp">
      <Filter>Source Files</Filter>
    </ClCompile>
    <ClCompile Include="DummyRepeaterPreferences.cpp">
      <Filter>Source Files</Filter>
    </ClCompile>
    <ClCompile Include="DummyRepeaterSlowDataEvent.cpp">
      <Filter>Source Files</Filter>
    </ClCompile>
    <ClCompile Include="DummyRepeaterSoundcardSet.cpp">
      <Filter>Source Files</Filter>
    </ClCompile>
    <ClCompile Include="DummyRepeaterStatusEvent.cpp">
      <Filter>Source Files</Filter>
    </ClCompile>
    <ClCompile Include="DummyRepeaterThread.cpp">
      <Filter>Source Files</Filter>
    </ClCompile>
    <ClCompile Include="DummyRepeaterTimeoutSet.cpp">
      <Filter>Source Files</Filter>
    </ClCompile>
    <ClCompile Include="DummyRepeaterTXEvent.cpp">
      <Filter>Source Files</Filter>
    </ClCompile>
  </ItemGroup>
  <ItemGroup>
    <ClInclude Include="DummyRepeaterApp.h">
      <Filter>Header Files</Filter>
    </ClInclude>
    <ClInclude Include="DummyRepeaterBleepSet.h">
      <Filter>Header Files</Filter>
    </ClInclude>
    <ClInclude Include="DummyRepeaterCallsignSet.h">
      <Filter>Header Files</Filter>
    </ClInclude>
    <ClInclude Include="DummyRepeaterControllerSet.h">
      <Filter>Header Files</Filter>
    </ClInclude>
    <ClInclude Include="DummyRepeaterDefs.h">
      <Filter>Header Files</Filter>
    </ClInclude>
    <ClInclude Include="DummyRepeaterDongleSet.h">
      <Filter>Header Files</Filter>
    </ClInclude>
    <ClInclude Include="DummyRepeaterErrorEvent.h">
      <Filter>Header Files</Filter>
    </ClInclude>
    <ClInclude Include="DummyRepeaterFrame.h">
      <Filter>Header Files</Filter>
    </ClInclude>
    <ClInclude Include="DummyRepeaterHeaderEvent.h">
      <Filter>Header Files</Filter>
    </ClInclude>
    <ClInclude Include="DummyRepeaterMessageEvent.h">
      <Filter>Header Files</Filter>
    </ClInclude>
    <ClInclude Include="DummyRepeaterMessageSet.h">
      <Filter>Header Files</Filter>
    </ClInclude>
    <ClInclude Include="DummyRepeaterNetworkSet.h">
      <Filter>Header Files</Filter>
    </ClInclude>
    <ClInclude Include="DummyRepeaterPreferences.h">
      <Filter>Header Files</Filter>
    </ClInclude>
    <ClInclude Include="DummyRepeaterSlowDataEvent.h">
      <Filter>Header Files</Filter>
    </ClInclude>
    <ClInclude Include="DummyRepeaterSoundcardSet.h">
      <Filter>Header Files</Filter>
    </ClInclude>
    <ClInclude Include="DummyRepeaterStatusEvent.h">
      <Filter>Header Files</Filter>
    </ClInclude>
    <ClInclude Include="DummyRepeaterThread.h">
      <Filter>Header Files</Filter>
    </ClInclude>
    <ClInclude Include="DummyRepeaterTimeoutSet.h">
      <Filter>Header Files</Filter>
    </ClInclude>
    <ClInclude Include="DummyRepeaterTXEvent.h">
      <Filter>Header Files</Filter>
    </ClInclude>
  </ItemGroup>
</Project>