<?xml version="1.0" encoding="utf-8"?>
<Project ToolsVersion="4.0" xmlns="http://schemas.microsoft.com/developer/msbuild/2003">
  <ItemGroup>
    <Filter Include="Source Files">
      <UniqueIdentifier>{4FC737F1-C7A5-4376-A066-2A32D752A2FF}</UniqueIdentifier>
      <Extensions>cpp;c;cc;cxx;def;odl;idl;hpj;bat;asm;asmx</Extensions>
    </Filter>
    <Filter Include="Header Files">
      <UniqueIdentifier>{93995380-89BD-4b04-88EB-625FBE52EBFB}</UniqueIdentifier>
      <Extensions>h;hpp;hxx;hm;inl;inc;xsd</Extensions>
    </Filter>
  </ItemGroup>
  <ItemGroup>
    <ClCompile Include="RemoteControlApp.cpp">
      <Filter>Source Files</Filter>
    </ClCompile>
    <ClCompile Include="RemoteControlCallsignData.cpp">
      <Filter>Source Files</Filter>
    </ClCompile>
    <ClCompile Include="RemoteControlConfig.cpp">
      <Filter>Source Files</Filter>
    </ClCompile>
    <ClCompile Include="RemoteControlFrame.cpp">
      <Filter>Source Files</Filter>
    </ClCompile>
    <ClCompile Include="RemoteControlLinkData.cpp">
      <Filter>Source Files</Filter>
    </ClCompile>
    <ClCompile Include="RemoteControlPreferences.cpp">
      <Filter>Source Files</Filter>
    </ClCompile>
    <ClCompile Include="RemoteControlRemoteControlHandler.cpp">
      <Filter>Source Files</Filter>
    </ClCompile>
    <ClCompile Include="RemoteControlRemoteSet.cpp">
      <Filter>Source Files</Filter>
    </ClCompile>
    <ClCompile Include="RemoteControlRepeaterData.cpp">
      <Filter>Source Files</Filter>
    </ClCompile>
    <ClCompile Include="RemoteControlRepeaterPanel.cpp">
      <Filter>Source Files</Filter>
    </ClCompile>
    <ClCompile Include="RemoteControlStarNetGroup.cpp">
      <Filter>Source Files</Filter>
    </ClCompile>
    <ClCompile Include="RemoteControlStarNetPanel.cpp">
      <Filter>Source Files</Filter>
    </ClCompile>
    <ClCompile Include="RemoteControlStarNetUser.cpp">
      <Filter>Source Files</Filter>
    </ClCompile>
  </ItemGroup>
  <ItemGroup>
    <ClInclude Include="RemoteControlApp.h">
      <Filter>Header Files</Filter>
    </ClInclude>
    <ClInclude Include="RemoteControlCallsignData.h">
      <Filter>Header Files</Filter>
    </ClInclude>
    <ClInclude Include="RemoteControlConfig.h">
      <Filter>Header Files</Filter>
    </ClInclude>
    <ClInclude Include="RemoteControlDefs.h">
      <Filter>Header Files</Filter>
    </ClInclude>
    <ClInclude Include="RemoteControlFrame.h">
      <Filter>Header Files</Filter>
    </ClInclude>
    <ClInclude Include="RemoteControlLinkData.h">
      <Filter>Header Files</Filter>
    </ClInclude>
    <ClInclude Include="RemoteControlPreferences.h">
      <Filter>Header Files</Filter>
    </ClInclude>
    <ClInclude Include="RemoteControlRemoteControlHandler.h">
      <Filter>Header Files</Filter>
    </ClInclude>
    <ClInclude Include="RemoteControlRemoteSet.h">
      <Filter>Header Files</Filter>
    </ClInclude>
    <ClInclude Include="RemoteControlRepeaterData.h">
      <Filter>Header Files</Filter>
    </ClInclude>
    <ClInclude Include="RemoteControlRepeaterPanel.h">
      <Filter>Header Files</Filter>
    </ClInclude>
    <ClInclude Include="RemoteControlStarNetGroup.h">
      <Filter>Header Files</Filter>
    </ClInclude>
    <ClInclude Include="RemoteControlStarNetPanel.h">
      <Filter>Header Files</Filter>
    </ClInclude>
    <ClInclude Include="RemoteControlStarNetUser.h">
      <Filter>Header Files</Filter>
    </ClInclude>
  </ItemGroup>
</Project>