<?xml version="1.0" encoding="utf-8"?>
<Project ToolsVersion="4.0" xmlns="http://schemas.microsoft.com/developer/msbuild/2003">
  <ItemGroup>
    <Filter Include="Source Files">
      <UniqueIdentifier>{4FC737F1-C7A5-4376-A066-2A32D752A2FF}</UniqueIdentifier>
      <Extensions>cpp;c;cc;cxx;def;odl;idl;hpj;bat;asm;asmx</Extensions>
    </Filter>
    <Filter Include="Header Files">
      <UniqueIdentifier>{93995380-89BD-4b04-88EB-625FBE52EBFB}</UniqueIdentifier>
      <Extensions>h;hpp;hxx;hm;inl;inc;xsd</Extensions>
    </Filter>
  </ItemGroup>
  <ItemGroup>
    <ClCompile Include="DStarRepeaterConfigActiveHangSet.cpp">
      <Filter>Source Files</Filter>
    </ClCompile>
    <ClCompile Include="DStarRepeaterConfigAnnouncementSet.cpp">
      <Filter>Source Files</Filter>
    </ClCompile>
    <ClCompile Include="DStarRepeaterConfigApp.cpp">
      <Filter>Source Files</Filter>
    </ClCompile>
    <ClCompile Include="DStarRepeaterConfigBeaconSet.cpp">
      <Filter>Source Files</Filter>
    </ClCompile>
    <ClCompile Include="DStarRepeaterConfigCallsignSet.cpp">
      <Filter>Source Files</Filter>
    </ClCompile>
    <ClCompile Include="DStarRepeaterConfigControl1Set.cpp">
      <Filter>Source Files</Filter>
    </ClCompile>
    <ClCompile Include="DStarRepeaterConfigControl2Set.cpp">
      <Filter>Source Files</Filter>
    </ClCompile>
    <ClCompile Include="DStarRepeaterConfigControllerSet.cpp">
      <Filter>Source Files</Filter>
    </ClCompile>
    <ClCompile Include="DStarRepeaterConfigDVAPSet.cpp">
      <Filter>Source Files</Filter>
    </ClCompile>
    <ClCompile Include="DStarRepeaterConfigDVMegaSet.cpp">
      <Filter>Source Files</Filter>
    </ClCompile>
    <ClCompile Include="DStarRepeaterConfigDVRPTR1Set.cpp">
      <Filter>Source Files</Filter>
    </ClCompile>
    <ClCompile Include="DStarRepeaterConfigDVRPTR2Set.cpp">
      <Filter>Source Files</Filter>
    </ClCompile>
    <ClCompile Include="DStarRepeaterConfigDVRPTR3Set.cpp">
      <Filter>Source Files</Filter>
    </ClCompile>
    <ClCompile Include="DStarRepeaterConfigFrame.cpp">
      <Filter>Source Files</Filter>
    </ClCompile>
    <ClCompile Include="DStarRepeaterConfigGMSKSet.cpp">
      <Filter>Source Files</Filter>
    </ClCompile>
    <ClCompile Include="DStarRepeaterConfigMMDVMSet.cpp">
      <Filter>Source Files</Filter>
    </ClCompile>
    <ClCompile Include="DStarRepeaterConfigModemSet.cpp">
      <Filter>Source Files</Filter>
    </ClCompile>
    <ClCompile Include="DStarRepeaterConfigNetworkSet.cpp">
      <Filter>Source Files</Filter>
    </ClCompile>
    <ClCompile Include="DStarRepeaterConfigSoundCardSet.cpp">
      <Filter>Source Files</Filter>
    </ClCompile>
    <ClCompile Include="DStarRepeaterConfigSplitSet.cpp">
      <Filter>Source Files</Filter>
    </ClCompile>
    <ClCompile Include="DStarRepeaterConfigTimesSet.cpp">
      <Filter>Source Files</Filter>
    </ClCompile>
  </ItemGroup>
  <ItemGroup>
    <ClInclude Include="DStarRepeaterConfigActiveHangSet.h">
      <Filter>Header Files</Filter>
    </ClInclude>
    <ClInclude Include="DStarRepeaterConfigAnnouncementSet.h">
      <Filter>Header Files</Filter>
    </ClInclude>
    <ClInclude Include="DStarRepeaterConfigApp.h">
      <Filter>Header Files</Filter>
    </ClInclude>
    <ClInclude Include="DStarRepeaterConfigBeaconSet.h">
      <Filter>Header Files</Filter>
    </ClInclude>
    <ClInclude Include="DStarRepeaterConfigCallsignSet.h">
      <Filter>Header Files</Filter>
    </ClInclude>
    <ClInclude Include="DStarRepeaterConfigControl1Set.h">
      <Filter>Header Files</Filter>
    </ClInclude>
    <ClInclude Include="DStarRepeaterConfigControl2Set.h">
      <Filter>Header Files</Filter>
    </ClInclude>
    <ClInclude Include="DStarRepeaterConfigControllerSet.h">
      <Filter>Header Files</Filter>
    </ClInclude>
    <ClInclude Include="DStarRepeaterConfigDefs.h">
      <Filter>Header Files</Filter>
    </ClInclude>
    <ClInclude Include="DStarRepeaterConfigDVAPSet.h">
      <Filter>Header Files</Filter>
    </ClInclude>
    <ClInclude Include="DStarRepeaterConfigDVMegaSet.h">
      <Filter>Header Files</Filter>
    </ClInclude>
    <ClInclude Include="DStarRepeaterConfigDVRPTR1Set.h">
      <Filter>Header Files</Filter>
    </ClInclude>
    <ClInclude Include="DStarRepeaterConfigDVRPTR2Set.h">
      <Filter>Header Files</Filter>
    </ClInclude>
    <ClInclude Include="DStarRepeaterConfigDVRPTR3Set.h">
      <Filter>Header Files</Filter>
    </ClInclude>
    <ClInclude Include="DStarRepeaterConfigFrame.h">
      <Filter>Header Files</Filter>
    </ClInclude>
    <ClInclude Include="DStarRepeaterConfigGMSKSet.h">
      <Filter>Header Files</Filter>
    </ClInclude>
    <ClInclude Include="DStarRepeaterConfigMMDVMSet.h">
      <Filter>Header Files</Filter>
    </ClInclude>
    <ClInclude Include="DStarRepeaterConfigModemSet.h">
      <Filter>Header Files</Filter>
    </ClInclude>
    <ClInclude Include="DStarRepeaterConfigNetworkSet.h">
      <Filter>Header Files</Filter>
    </ClInclude>
    <ClInclude Include="DStarRepeaterConfigSoundCardSet.h">
      <Filter>Header Files</Filter>
    </ClInclude>
    <ClInclude Include="DStarRepeaterConfigSplitSet.h">
      <Filter>Header Files</Filter>
    </ClInclude>
    <ClInclude Include="DStarRepeaterConfigTimesSet.h">
      <Filter>Header Files</Filter>
    </ClInclude>
  </ItemGroup>
</Project>