<?xml version="1.0" encoding="utf-8"?>
<Project ToolsVersion="4.0" xmlns="http://schemas.microsoft.com/developer/msbuild/2003">
  <ItemGroup>
    <Filter Include="Source Files">
      <UniqueIdentifier>{4FC737F1-C7A5-4376-A066-2A32D752A2FF}</UniqueIdentifier>
      <Extensions>cpp;c;cc;cxx;def;odl;idl;hpj;bat;asm;asmx</Extensions>
    </Filter>
    <Filter Include="Header Files">
      <UniqueIdentifier>{93995380-89BD-4b04-88EB-625FBE52EBFB}</UniqueIdentifier>
      <Extensions>h;hpp;hxx;hm;inl;inc;xsd</Extensions>
    </Filter>
  </ItemGroup>
  <ItemGroup>
    <ClCompile Include="AMBEData.cpp">
      <Filter>Source Files</Filter>
    </ClCompile>
    <ClCompile Include="AnnouncementUnit.cpp">
      <Filter>Source Files</Filter>
    </ClCompile>
    <ClCompile Include="APRSCollector.cpp">
      <Filter>Source Files</Filter>
    </ClCompile>
    <ClCompile Include="APRSWriter.cpp">
      <Filter>Source Files</Filter>
    </ClCompile>
    <ClCompile Include="APRSWriterThread.cpp">
      <Filter>Source Files</Filter>
    </ClCompile>
    <ClCompile Include="AudioUnit.cpp">
      <Filter>Source Files</Filter>
    </ClCompile>
    <ClCompile Include="CacheManager.cpp">
      <Filter>Source Files</Filter>
    </ClCompile>
    <ClCompile Include="CallsignList.cpp">
      <Filter>Source Files</Filter>
    </ClCompile>
    <ClCompile Include="CallsignServer.cpp">
      <Filter>Source Files</Filter>
    </ClCompile>
    <ClCompile Include="CCITTChecksum.cpp">
      <Filter>Source Files</Filter>
    </ClCompile>
    <ClCompile Include="CCSData.cpp">
      <Filter>Source Files</Filter>
    </ClCompile>
    <ClCompile Include="CCSHandler.cpp">
      <Filter>Source Files</Filter>
    </ClCompile>
    <ClCompile Include="CCSProtocolHandler.cpp">
      <Filter>Source Files</Filter>
    </ClCompile>
    <ClCompile Include="ConnectData.cpp">
      <Filter>Source Files</Filter>
    </ClCompile>
    <ClCompile Include="DCSHandler.cpp">
      <Filter>Source Files</Filter>
    </ClCompile>
    <ClCompile Include="DCSProtocolHandler.cpp">
      <Filter>Source Files</Filter>
    </ClCompile>
    <ClCompile Include="DCSProtocolHandlerPool.cpp">
      <Filter>Source Files</Filter>
    </ClCompile>
    <ClCompile Include="DDData.cpp">
      <Filter>Source Files</Filter>
    </ClCompile>
    <ClCompile Include="DDHandler.cpp">
      <Filter>Source Files</Filter>
    </ClCompile>
    <ClCompile Include="DExtraHandler.cpp">
      <Filter>Source Files</Filter>
    </ClCompile>
    <ClCompile Include="DExtraProtocolHandler.cpp">
      <Filter>Source Files</Filter>
    </ClCompile>
    <ClCompile Include="DExtraProtocolHandlerPool.cpp">
      <Filter>Source Files</Filter>
    </ClCompile>
    <ClCompile Include="DPlusAuthenticator.cpp">
      <Filter>Source Files</Filter>
    </ClCompile>
    <ClCompile Include="DPlusHandler.cpp">
      <Filter>Source Files</Filter>
    </ClCompile>
    <ClCompile Include="DPlusProtocolHandler.cpp">
      <Filter>Source Files</Filter>
    </ClCompile>
    <ClCompile Include="DPlusProtocolHandlerPool.cpp">
      <Filter>Source Files</Filter>
    </ClCompile>
    <ClCompile Include="DRATSServer.cpp">
      <Filter>Source Files</Filter>
    </ClCompile>
    <ClCompile Include="DTMF.cpp">
      <Filter>Source Files</Filter>
    </ClCompile>
    <ClCompile Include="DummyRepeaterProtocolHandler.cpp">
      <Filter>Source Files</Filter>
    </ClCompile>
    <ClCompile Include="DVTOOLFileReader.cpp">
      <Filter>Source Files</Filter>
    </ClCompile>
    <ClCompile Include="EchoUnit.cpp">
      <Filter>Source Files</Filter>
    </ClCompile>
    <ClCompile Include="G2Handler.cpp">
      <Filter>Source Files</Filter>
    </ClCompile>
    <ClCompile Include="G2ProtocolHandler.cpp">
      <Filter>Source Files</Filter>
    </ClCompile>
    <ClCompile Include="GatewayCache.cpp">
      <Filter>Source Files</Filter>
    </ClCompile>
    <ClCompile Include="HBRepeaterProtocolHandler.cpp">
      <Filter>Source Files</Filter>
    </ClCompile>
    <ClCompile Include="HeaderData.cpp">
      <Filter>Source Files</Filter>
    </ClCompile>
    <ClCompile Include="HeaderLogger.cpp">
      <Filter>Source Files</Filter>
    </ClCompile>
    <ClCompile Include="HeardData.cpp">
      <Filter>Source Files</Filter>
    </ClCompile>
    <ClCompile Include="HostFile.cpp">
      <Filter>Source Files</Filter>
    </ClCompile>
    <ClCompile Include="IcomRepeaterProtocolHandler.cpp">
      <Filter>Source Files</Filter>
    </ClCompile>
    <ClCompile Include="IRCDDBGatewayConfig.cpp">
      <Filter>Source Files</Filter>
    </ClCompile>
    <ClCompile Include="LogEvent.cpp">
      <Filter>Source Files</Filter>
    </ClCompile>
    <ClCompile Include="Logger.cpp">
      <Filter>Source Files</Filter>
    </ClCompile>
    <ClCompile Include="PollData.cpp">
      <Filter>Source Files</Filter>
    </ClCompile>
    <ClCompile Include="RemoteHandler.cpp">
      <Filter>Source Files</Filter>
    </ClCompile>
    <ClCompile Include="RemoteLinkData.cpp">
      <Filter>Source Files</Filter>
    </ClCompile>
    <ClCompile Include="RemoteProtocolHandler.cpp">
      <Filter>Source Files</Filter>
    </ClCompile>
    <ClCompile Include="RemoteRepeaterData.cpp">
      <Filter>Source Files</Filter>
    </ClCompile>
    <ClCompile Include="RemoteStarNetGroup.cpp">
      <Filter>Source Files</Filter>
    </ClCompile>
    <ClCompile Include="RemoteStarNetUser.cpp">
      <Filter>Source Files</Filter>
    </ClCompile>
    <ClCompile Include="RepeaterCache.cpp">
      <Filter>Source Files</Filter>
    </ClCompile>
    <ClCompile Include="RepeaterHandler.cpp">
      <Filter>Source Files</Filter>
    </ClCompile>
    <ClCompile Include="SHA256.cpp">
      <Filter>Source Files</Filter>
    </ClCompile>
    <ClCompile Include="SlowDataEncoder.cpp">
      <Filter>Source Files</Filter>
    </ClCompile>
    <ClCompile Include="StarNetHandler.cpp">
      <Filter>Source Files</Filter>
    </ClCompile>
    <ClCompile Include="StatusData.cpp">
      <Filter>Source Files</Filter>
    </ClCompile>
    <ClCompile Include="TCPReaderWriterClient.cpp">
      <Filter>Source Files</Filter>
    </ClCompile>
    <ClCompile Include="TCPReaderWriterServer.cpp">
      <Filter>Source Files</Filter>
    </ClCompile>
    <ClCompile Include="TextCollector.cpp">
      <Filter>Source Files</Filter>
    </ClCompile>
    <ClCompile Include="TextData.cpp">
      <Filter>Source Files</Filter>
    </ClCompile>
    <ClCompile Include="Timer.cpp">
      <Filter>Source Files</Filter>
    </ClCompile>
    <ClCompile Include="UDPReaderWriter.cpp">
      <Filter>Source Files</Filter>
    </ClCompile>
    <ClCompile Include="UserCache.cpp">
      <Filter>Source Files</Filter>
    </ClCompile>
    <ClCompile Include="Utils.cpp">
      <Filter>Source Files</Filter>
    </ClCompile>
    <ClCompile Include="VersionUnit.cpp">
      <Filter>Source Files</Filter>
    </ClCompile>
  </ItemGroup>
  <ItemGroup>
    <ClInclude Include="AMBEData.h">
      <Filter>Header Files</Filter>
    </ClInclude>
    <ClInclude Include="AnnouncementUnit.h">
      <Filter>Header Files</Filter>
    </ClInclude>
    <ClInclude Include="APRSCollector.h">
      <Filter>Header Files</Filter>
    </ClInclude>
    <ClInclude Include="APRSWriter.h">
      <Filter>Header Files</Filter>
    </ClInclude>
    <ClInclude Include="APRSWriterThread.h">
      <Filter>Header Files</Filter>
    </ClInclude>
    <ClInclude Include="AudioUnit.h">
      <Filter>Header Files</Filter>
    </ClInclude>
    <ClInclude Include="CacheManager.h">
      <Filter>Header Files</Filter>
    </ClInclude>
    <ClInclude Include="CallsignList.h">
      <Filter>Header Files</Filter>
    </ClInclude>
    <ClInclude Include="CallsignServer.h">
      <Filter>Header Files</Filter>
    </ClInclude>
    <ClInclude Include="CCITTChecksum.h">
      <Filter>Header Files</Filter>
    </ClInclude>
    <ClInclude Include="CCSCallback.h">
      <Filter>Header Files</Filter>
    </ClInclude>
    <ClInclude Include="CCSData.h">
      <Filter>Header Files</Filter>
    </ClInclude>
    <ClInclude Include="CCSHandler.h">
      <Filter>Header Files</Filter>
    </ClInclude>
    <ClInclude Include="CCSProtocolHandler.h">
      <Filter>Header Files</Filter>
    </ClInclude>
    <ClInclude Include="ConnectData.h">
      <Filter>Header Files</Filter>
    </ClInclude>
    <ClInclude Include="DCSHandler.h">
      <Filter>Header Files</Filter>
    </ClInclude>
    <ClInclude Include="DCSProtocolHandler.h">
      <Filter>Header Files</Filter>
    </ClInclude>
    <ClInclude Include="DCSProtocolHandlerPool.h">
      <Filter>Header Files</Filter>
    </ClInclude>
    <ClInclude Include="DDData.h">
      <Filter>Header Files</Filter>
    </ClInclude>
    <ClInclude Include="DDHandler.h">
      <Filter>Header Files</Filter>
    </ClInclude>
    <ClInclude Include="Defs.h">
      <Filter>Header Files</Filter>
    </ClInclude>
    <ClInclude Include="DExtraHandler.h">
      <Filter>Header Files</Filter>
    </ClInclude>
    <ClInclude Include="DExtraProtocolHandler.h">
      <Filter>Header Files</Filter>
    </ClInclude>
    <ClInclude Include="DExtraProtocolHandlerPool.h">
      <Filter>Header Files</Filter>
    </ClInclude>
    <ClInclude Include="DPlusAuthenticator.h">
      <Filter>Header Files</Filter>
    </ClInclude>
    <ClInclude Include="DPlusHandler.h">
      <Filter>Header Files</Filter>
    </ClInclude>
    <ClInclude Include="DPlusProtocolHandler.h">
      <Filter>Header Files</Filter>
    </ClInclude>
    <ClInclude Include="DPlusProtocolHandlerPool.h">
      <Filter>Header Files</Filter>
    </ClInclude>
    <ClInclude Include="DRATSServer.h">
      <Filter>Header Files</Filter>
    </ClInclude>
    <ClInclude Include="DStarDefines.h">
      <Filter>Header Files</Filter>
    </ClInclude>
    <ClInclude Include="DTMF.h">
      <Filter>Header Files</Filter>
    </ClInclude>
    <ClInclude Include="DummyRepeaterProtocolHandler.h">
      <Filter>Header Files</Filter>
    </ClInclude>
    <ClInclude Include="DVTOOLFileReader.h">
      <Filter>Header Files</Filter>
    </ClInclude>
    <ClInclude Include="EchoUnit.h">
      <Filter>Header Files</Filter>
    </ClInclude>
    <ClInclude Include="G2Handler.h">
      <Filter>Header Files</Filter>
    </ClInclude>
    <ClInclude Include="G2ProtocolHandler.h">
      <Filter>Header Files</Filter>
    </ClInclude>
    <ClInclude Include="GatewayCache.h">
      <Filter>Header Files</Filter>
    </ClInclude>
    <ClInclude Include="HBRepeaterProtocolHandler.h">
      <Filter>Header Files</Filter>
    </ClInclude>
    <ClInclude Include="HeaderData.h">
      <Filter>Header Files</Filter>
    </ClInclude>
    <ClInclude Include="HeaderLogger.h">
      <Filter>Header Files</Filter>
    </ClInclude>
    <ClInclude Include="HeardData.h">
      <Filter>Header Files</Filter>
    </ClInclude>
    <ClInclude Include="HostFile.h">
      <Filter>Header Files</Filter>
    </ClInclude>
    <ClInclude Include="IcomRepeaterProtocolHandler.h">
      <Filter>Header Files</Filter>
    </ClInclude>
    <ClInclude Include="IRCDDBGatewayConfig.h">
      <Filter>Header Files</Filter>
    </ClInclude>
    <ClInclude Include="LogEvent.h">
      <Filter>Header Files</Filter>
    </ClInclude>
    <ClInclude Include="Logger.h">
      <Filter>Header Files</Filter>
    </ClInclude>
    <ClInclude Include="PollData.h">
      <Filter>Header Files</Filter>
    </ClInclude>
    <ClInclude Include="ReflectorCallback.h">
      <Filter>Header Files</Filter>
    </ClInclude>
    <ClInclude Include="RemoteHandler.h">
      <Filter>Header Files</Filter>
    </ClInclude>
    <ClInclude Include="RemoteLinkData.h">
      <Filter>Header Files</Filter>
    </ClInclude>
    <ClInclude Include="RemoteProtocolHandler.h">
      <Filter>Header Files</Filter>
    </ClInclude>
    <ClInclude Include="RemoteRepeaterData.h">
      <Filter>Header Files</Filter>
    </ClInclude>
    <ClInclude Include="RemoteStarNetGroup.h">
      <Filter>Header Files</Filter>
    </ClInclude>
    <ClInclude Include="RemoteStarNetUser.h">
      <Filter>Header Files</Filter>
    </ClInclude>
    <ClInclude Include="RepeaterCache.h">
      <Filter>Header Files</Filter>
    </ClInclude>
    <ClInclude Include="RepeaterCallback.h">
      <Filter>Header Files</Filter>
    </ClInclude>
    <ClInclude Include="RepeaterHandler.h">
      <Filter>Header Files</Filter>
    </ClInclude>
    <ClInclude Include="RepeaterProtocolHandler.h">
      <Filter>Header Files</Filter>
    </ClInclude>
    <ClInclude Include="RingBuffer.h">
      <Filter>Header Files</Filter>
    </ClInclude>
    <ClInclude Include="SHA256.h">
      <Filter>Header Files</Filter>
    </ClInclude>
    <ClInclude Include="SlowDataEncoder.h">
      <Filter>Header Files</Filter>
    </ClInclude>
    <ClInclude Include="StarNetHandler.h">
      <Filter>Header Files</Filter>
    </ClInclude>
    <ClInclude Include="StatusData.h">
      <Filter>Header Files</Filter>
    </ClInclude>
    <ClInclude Include="TCPReaderWriterClient.h">
      <Filter>Header Files</Filter>
    </ClInclude>
    <ClInclude Include="TCPReaderWriterServer.h">
      <Filter>Header Files</Filter>
    </ClInclude>
    <ClInclude Include="TextCollector.h">
      <Filter>Header Files</Filter>
    </ClInclude>
    <ClInclude Include="TextData.h">
      <Filter>Header Files</Filter>
    </ClInclude>
    <ClInclude Include="Timer.h">
      <Filter>Header Files</Filter>
    </ClInclude>
    <ClInclude Include="UDPReaderWriter.h">
      <Filter>Header Files</Filter>
    </ClInclude>
    <ClInclude Include="UserCache.h">
      <Filter>Header Files</Filter>
    </ClInclude>
    <ClInclude Include="Utils.h">
      <Filter>Header Files</Filter>
    </ClInclude>
    <ClInclude Include="Version.h">
      <Filter>Header Files</Filter>
    </ClInclude>
    <ClInclude Include="VersionUnit.h">
      <Filter>Header Files</Filter>
    </ClInclude>
  </ItemGroup>
</Project>